{
  "version": "v1",
  "packages": {
    "@ensdomains/ens-test-env": {
      "signature": "d0725d5959bd6ca41d4da64d112953fc",
      "pure": true,
      "replaced": "^0.1.4"
    },
    "@ensdomains/thorin": {
      "signature": "7d0f8d37648e72068b3fe3089df845c1",
      "link": true,
      "replaced": "0.6.9"
    }
  }
}