{
  "version": "v1",
  "packages": {
    "@ensdomains/ensjs": {
      "signature": "5e0ea21c6ab45dce0251fcbcded01f81",
      "file": true,
      "replaced": "3.0.0-alpha.16"
    },
    "@ensdomains/thorin": {
      "signature": "9cc6c0e633465e751b337ec73eac921d",
      "file": true,
      "replaced": "^0.6.10"
    }
  }
}